
Microsoft Visual Studio Solution File, Format Version 12.00
# Visual Studio Version 16
VisualStudioVersion = 16.0.30128.74
MinimumVisualStudioVersion = 10.0.40219.1
Project("{FAE04EC0-301F-11D3-BF4B-00C04F79EFBC}") = "union", "union\union.csproj", "{BE2D213C-73EF-4609-9854-614FC30C08C9}"
EndProject
Global
	GlobalSection(SolutionConfigurationPlatforms) = preSolution
		Debug|Any CPU = Debug|Any CPU
		Release|Any CPU = Release|Any CPU
	EndGlobalSection
	GlobalSection(ProjectConfigurationPlatforms) = postSolution
		{BE2D213C-73EF-4609-9854-614FC30C08C9}.Debug|Any CPU.ActiveCfg = Debug|Any CPU
		{BE2D213C-73EF-4609-9854-614FC30C08C9}.Debug|Any CPU.Build.0 = Debug|Any CPU
		{BE2D213C-73EF-4609-9854-614FC30C08C9}.Release|Any CPU.ActiveCfg = Release|Any CPU
		{BE2D213C-73EF-4609-9854-614FC30C08C9}.Release|Any CPU.Build.0 = Release|Any CPU
	EndGlobalSection
	GlobalSection(SolutionProperties) = preSolution
		HideSolutionNode = FALSE
	EndGlobalSection
	GlobalSection(ExtensibilityGlobals) = postSolution
		SolutionGuid = {C4966EF7-B2E7-4F9B-9CC0-DCFCC59EB9DA}
	EndGlobalSection
EndGlobal
